
Microsoft Visual Studio Solution File, Format Version 12.00
# Visual Studio Version 16
VisualStudioVersion = 16.0.31729.503
MinimumVisualStudioVersion = 10.0.40219.1
Project("{FAE04EC0-301F-11D3-BF4B-00C04F79EFBC}") = "Webgentle.BookStore", "Webgentle.BookStore\Webgentle.BookStore.csproj", "{2FE24E2D-9945-49C8-8EAA-8B85DA505D79}"
EndProject
Global
	GlobalSection(SolutionConfigurationPlatforms) = preSolution
		Debug|Any CPU = Debug|Any CPU
		Release|Any CPU = Release|Any CPU
	EndGlobalSection
	GlobalSection(ProjectConfigurationPlatforms) = postSolution
		{2FE24E2D-9945-49C8-8EAA-8B85DA505D79}.Debug|Any CPU.ActiveCfg = Debug|Any CPU
		{2FE24E2D-9945-49C8-8EAA-8B85DA505D79}.Debug|Any CPU.Build.0 = Debug|Any CPU
		{2FE24E2D-9945-49C8-8EAA-8B85DA505D79}.Release|Any CPU.ActiveCfg = Release|Any CPU
		{2FE24E2D-9945-49C8-8EAA-8B85DA505D79}.Release|Any CPU.Build.0 = Release|Any CPU
	EndGlobalSection
	GlobalSection(SolutionProperties) = preSolution
		HideSolutionNode = FALSE
	EndGlobalSection
	GlobalSection(ExtensibilityGlobals) = postSolution
		SolutionGuid = {CAE58BC4-E461-4B17-80EB-7B45D564F50D}
	EndGlobalSection
EndGlobal
